
Microsoft Visual Studio Solution File, Format Version 12.00
# Visual Studio 15
VisualStudioVersion = 15.0.27004.2006
MinimumVisualStudioVersion = 10.0.40219.1
Project("{FAE04EC0-301F-11D3-BF4B-00C04F79EFBC}") = "DateTime_Local", "DateTime_Local\DateTime_Local.csproj", "{A5FAA1D0-7C63-4113-92F8-97848E35C5F8}"
EndProject
Global
	GlobalSection(SolutionConfigurationPlatforms) = preSolution
		Debug|Any CPU = Debug|Any CPU
		Release|Any CPU = Release|Any CPU
	EndGlobalSection
	GlobalSection(ProjectConfigurationPlatforms) = postSolution
		{A5FAA1D0-7C63-4113-92F8-97848E35C5F8}.Debug|Any CPU.ActiveCfg = Debug|Any CPU
		{A5FAA1D0-7C63-4113-92F8-97848E35C5F8}.Debug|Any CPU.Build.0 = Debug|Any CPU
		{A5FAA1D0-7C63-4113-92F8-97848E35C5F8}.Release|Any CPU.ActiveCfg = Release|Any CPU
		{A5FAA1D0-7C63-4113-92F8-97848E35C5F8}.Release|Any CPU.Build.0 = Release|Any CPU
	EndGlobalSection
	GlobalSection(SolutionProperties) = preSolution
		HideSolutionNode = FALSE
	EndGlobalSection
	GlobalSection(ExtensibilityGlobals) = postSolution
		SolutionGuid = {AD2CDD43-5142-4128-BC09-2BF6ADF1CA58}
	EndGlobalSection
EndGlobal
